# This file is autogenerated, do not edit; changes may be undone by the next 'dep ensure'.


[[projects]]
  name = "github.com/blang/semver"
  packages = ["."]
  revision = "2ee87856327ba09384cabd113bc6b5d174e9ec0f"
  version = "v3.5.1"

[[projects]]
  branch = "master"
  name = "github.com/facebookgo/httpcontrol"
  packages = ["."]
  revision = "ccde4420e1fee9af5da365cb76075b95683f39a6"

[[projects]]
  branch = "master"
  name = "github.com/gregjones/httpcache"
  packages = ["."]
  revision = "9cad4c3443a7200dd6400aef47183728de563a38"

[[projects]]
  name = "github.com/launchdarkly/eventsource"
  packages = ["."]
  revision = "5e2c13ba9523c8b5f5e33aee7ef3fb1c855f52cd"
  version = "1.0.0"

[[projects]]
  name = "gopkg.in/launchdarkly/go-client.v4"
  packages = ["."]
  revision = "93524bc812c6a203432c1145cbde0d9f61b31955"
  version = "4.2.1"

[solve-meta]
  analyzer-name = "dep"
  analyzer-version = 1
  inputs-digest = "ce7ce8f4c4f4023df6dd8a258c441fd4fd3c8278307817069ec78ebf3f681c5e"
  solver-name = "gps-cdcl"
  solver-version = 1
